
Microsoft Visual Studio Solution File, Format Version 12.00
# Visual Studio 15
VisualStudioVersion = 15.0.27130.2026
MinimumVisualStudioVersion = 10.0.40219.1
Project("{8BC9CEB8-8B4A-11D0-8D11-00A0C91BC942}") = "ccuNetLogin", "ccuNetLogin.vcxproj", "{282F5274-8189-3835-A2C6-4BD38DF045DE}"
EndProject
Global
	GlobalSection(SolutionConfigurationPlatforms) = preSolution
		Debug|x64 = Debug|x64
		Release|x64 = Release|x64
	EndGlobalSection
	GlobalSection(ProjectConfigurationPlatforms) = postSolution
		{282F5274-8189-3835-A2C6-4BD38DF045DE}.Debug|x64.ActiveCfg = Debug|x64
		{282F5274-8189-3835-A2C6-4BD38DF045DE}.Debug|x64.Build.0 = Debug|x64
		{282F5274-8189-3835-A2C6-4BD38DF045DE}.Release|x64.ActiveCfg = Release|x64
		{282F5274-8189-3835-A2C6-4BD38DF045DE}.Release|x64.Build.0 = Release|x64
	EndGlobalSection
	GlobalSection(SolutionProperties) = preSolution
		HideSolutionNode = FALSE
	EndGlobalSection
	GlobalSection(ExtensibilityGlobals) = postSolution
		SolutionGuid = {A412E72A-BF38-46AE-86CB-D92469543152}
	EndGlobalSection
EndGlobal
